
Microsoft Visual Studio Solution File, Format Version 12.00
# Visual Studio Version 17
VisualStudioVersion = 17.1.32421.90
MinimumVisualStudioVersion = 10.0.40219.1
Project("{FAE04EC0-301F-11D3-BF4B-00C04F79EFBC}") = "BST", "BST.csproj", "{E876CCA2-DBF4-4FB3-B892-21923A576CEB}"
EndProject
Global
	GlobalSection(SolutionConfigurationPlatforms) = preSolution
		Debug|Any CPU = Debug|Any CPU
		Release|Any CPU = Release|Any CPU
	EndGlobalSection
	GlobalSection(ProjectConfigurationPlatforms) = postSolution
		{E876CCA2-DBF4-4FB3-B892-21923A576CEB}.Debug|Any CPU.ActiveCfg = Debug|Any CPU
		{E876CCA2-DBF4-4FB3-B892-21923A576CEB}.Debug|Any CPU.Build.0 = Debug|Any CPU
		{E876CCA2-DBF4-4FB3-B892-21923A576CEB}.Release|Any CPU.ActiveCfg = Release|Any CPU
		{E876CCA2-DBF4-4FB3-B892-21923A576CEB}.Release|Any CPU.Build.0 = Release|Any CPU
	EndGlobalSection
	GlobalSection(SolutionProperties) = preSolution
		HideSolutionNode = FALSE
	EndGlobalSection
	GlobalSection(ExtensibilityGlobals) = postSolution
		SolutionGuid = {FCE62235-CEC0-4A63-9B22-513B90D6A94A}
	EndGlobalSection
EndGlobal
